Microsoft Visual Studio Solution File, Format Version 12.00
# Visual Studio Version 17
VisualStudioVersion = 17.5.2.0
MinimumVisualStudioVersion = 10.0.40219.1
Project("{FAE04EC0-301F-11D3-BF4B-00C04F79EFBC}") = "4G_MODULE_TESTING", "4G_MODULE_TESTING.csproj", "{229AC726-FC43-C683-4395-5BB72CB9F7BD}"
EndProject
Global
	GlobalSection(SolutionConfigurationPlatforms) = preSolution
		Debug|Any CPU = Debug|Any CPU
		Release|Any CPU = Release|Any CPU
	EndGlobalSection
	GlobalSection(ProjectConfigurationPlatforms) = postSolution
		{229AC726-FC43-C683-4395-5BB72CB9F7BD}.Debug|Any CPU.ActiveCfg = Debug|Any CPU
		{229AC726-FC43-C683-4395-5BB72CB9F7BD}.Debug|Any CPU.Build.0 = Debug|Any CPU
		{229AC726-FC43-C683-4395-5BB72CB9F7BD}.Release|Any CPU.ActiveCfg = Release|Any CPU
		{229AC726-FC43-C683-4395-5BB72CB9F7BD}.Release|Any CPU.Build.0 = Release|Any CPU
	EndGlobalSection
	GlobalSection(SolutionProperties) = preSolution
		HideSolutionNode = FALSE
	EndGlobalSection
	GlobalSection(ExtensibilityGlobals) = postSolution
		SolutionGuid = {F3657185-C6B7-4FCA-BE00-4D0D9A87B51F}
	EndGlobalSection
EndGlobal
